<?xml version="1.0" encoding="utf-8"?>
<Project ToolsVersion="4.0" xmlns="http://schemas.microsoft.com/developer/msbuild/2003">
  <ItemGroup>
    <ClCompile Include="test.cpp" />
    <ClCompile Include="pch.cpp" />
  </ItemGroup>
  <ItemGroup>
    <ClInclude Include="Canvas.h" />
    <ClInclude Include="pch.h" />
    <ClInclude Include="Projectile.h" />
    <ClInclude Include="StringHelpers.h" />
    <ClInclude Include="Tuple.h" />
    <ClInclude Include="tests\PointTests.h">
      <Filter>tests</Filter>
    </ClInclude>
    <ClInclude Include="tests\CanvasTests.h">
      <Filter>tests</Filter>
    </ClInclude>
    <ClInclude Include="tests\VectorTests.h">
      <Filter>tests</Filter>
    </ClInclude>
    <ClInclude Include="tests\ColorTests.h">
      <Filter>tests</Filter>
    </ClInclude>
    <ClInclude Include="Matrix.h" />
    <ClInclude Include="tests\MatrixTests.h">
      <Filter>tests</Filter>
    </ClInclude>
    <ClInclude Include="tests\FloatCompareTests.h">
      <Filter>tests</Filter>
    </ClInclude>
    <ClInclude Include="Math.h" />
    <ClInclude Include="tests\MatrixTransformationTests.h">
      <Filter>tests</Filter>
    </ClInclude>
    <ClInclude Include="Ray.h" />
    <ClInclude Include="tests\RayTests.h">
      <Filter>tests</Filter>
    </ClInclude>
    <ClInclude Include="tests\SphereTests.h">
      <Filter>tests</Filter>
    </ClInclude>
    <ClInclude Include="Lights.h" />
    <ClInclude Include="tests\PhongReflectionTests.h">
      <Filter>tests</Filter>
    </ClInclude>
    <ClInclude Include="World.h" />
    <ClInclude Include="tests\WorldTests.h">
      <Filter>tests</Filter>
    </ClInclude>
    <ClInclude Include="Intersection.h" />
    <ClInclude Include="Camera.h" />
    <ClInclude Include="tests\CameraTests.h">
      <Filter>tests</Filter>
    </ClInclude>
    <ClInclude Include="WorkQue.h" />
    <ClInclude Include="Shapes.h" />
    <ClInclude Include="tests\PlaneTests.h">
      <Filter>tests</Filter>
    </ClInclude>
    <ClInclude Include="Material.h" />
    <ClInclude Include="tests\ReflectionTests.h">
      <Filter>tests</Filter>
    </ClInclude>
    <ClInclude Include="tests\MaterialTests.h">
      <Filter>tests</Filter>
    </ClInclude>
    <ClInclude Include="tests\TransparencyTests.h">
      <Filter>tests</Filter>
    </ClInclude>
    <ClInclude Include="Pattern.h" />
    <ClInclude Include="tests\PatternTests.h">
      <Filter>tests</Filter>
    </ClInclude>
    <ClInclude Include="Color.h" />
    <ClInclude Include="tests\CubeTests.h">
      <Filter>tests</Filter>
    </ClInclude>
    <ClInclude Include="tests\CylinderTests.h">
      <Filter>tests</Filter>
    </ClInclude>
    <ClInclude Include="HitState.h" />
    <ClInclude Include="Lighting.h" />
    <ClInclude Include="Cube.h">
      <Filter>geometry</Filter>
    </ClInclude>
    <ClInclude Include="Cylinder.h">
      <Filter>geometry</Filter>
    </ClInclude>
    <ClInclude Include="Plane.h">
      <Filter>geometry</Filter>
    </ClInclude>
    <ClInclude Include="Sphere.h">
      <Filter>geometry</Filter>
    </ClInclude>
    <ClInclude Include="Cone.h">
      <Filter>geometry</Filter>
    </ClInclude>
    <ClInclude Include="tests\ConeTests.h">
      <Filter>tests</Filter>
    </ClInclude>
  </ItemGroup>
  <ItemGroup>
    <Filter Include="tests">
      <UniqueIdentifier>{24b9989c-5b72-4715-a8bf-0a9746721665}</UniqueIdentifier>
    </Filter>
    <Filter Include="geometry">
      <UniqueIdentifier>{5651d234-36ad-49e5-9b87-ee26852cfe43}</UniqueIdentifier>
    </Filter>
  </ItemGroup>
  <ItemGroup>
    <None Include="packages.config" />
  </ItemGroup>
</Project>